Microsoft Visual Studio Solution File, Format Version 12.00
# Visual Studio Version 17
VisualStudioVersion = 17.5.2.0
MinimumVisualStudioVersion = 10.0.40219.1
Project("{FAE04EC0-301F-11D3-BF4B-00C04F79EFBC}") = "SitradWebInterface", "SitradWebInterface.csproj", "{799A4650-2563-2683-408F-BE7A6752AE9A}"
EndProject
Global
	GlobalSection(SolutionConfigurationPlatforms) = preSolution
		Debug|Any CPU = Debug|Any CPU
		Release|Any CPU = Release|Any CPU
	EndGlobalSection
	GlobalSection(ProjectConfigurationPlatforms) = postSolution
		{799A4650-2563-2683-408F-BE7A6752AE9A}.Debug|Any CPU.ActiveCfg = Debug|Any CPU
		{799A4650-2563-2683-408F-BE7A6752AE9A}.Debug|Any CPU.Build.0 = Debug|Any CPU
		{799A4650-2563-2683-408F-BE7A6752AE9A}.Release|Any CPU.ActiveCfg = Release|Any CPU
		{799A4650-2563-2683-408F-BE7A6752AE9A}.Release|Any CPU.Build.0 = Release|Any CPU
	EndGlobalSection
	GlobalSection(SolutionProperties) = preSolution
		HideSolutionNode = FALSE
	EndGlobalSection
	GlobalSection(ExtensibilityGlobals) = postSolution
		SolutionGuid = {D30CB2B2-1AD8-4F41-9258-4345B9333CCC}
	EndGlobalSection
EndGlobal
